
Microsoft Visual Studio Solution File, Format Version 12.00
# Visual Studio Version 16
VisualStudioVersion = 16.0.31424.327
MinimumVisualStudioVersion = 10.0.40219.1
Project("{FAE04EC0-301F-11D3-BF4B-00C04F79EFBC}") = "cpu_monitor", "cpu_monitor\cpu_monitor.csproj", "{634B4E02-80B3-41BC-B73A-5F2B2470AB5C}"
EndProject
Global
	GlobalSection(SolutionConfigurationPlatforms) = preSolution
		Debug|Any CPU = Debug|Any CPU
		Release|Any CPU = Release|Any CPU
	EndGlobalSection
	GlobalSection(ProjectConfigurationPlatforms) = postSolution
		{634B4E02-80B3-41BC-B73A-5F2B2470AB5C}.Debug|Any CPU.ActiveCfg = Debug|Any CPU
		{634B4E02-80B3-41BC-B73A-5F2B2470AB5C}.Debug|Any CPU.Build.0 = Debug|Any CPU
		{634B4E02-80B3-41BC-B73A-5F2B2470AB5C}.Release|Any CPU.ActiveCfg = Release|Any CPU
		{634B4E02-80B3-41BC-B73A-5F2B2470AB5C}.Release|Any CPU.Build.0 = Release|Any CPU
	EndGlobalSection
	GlobalSection(SolutionProperties) = preSolution
		HideSolutionNode = FALSE
	EndGlobalSection
	GlobalSection(ExtensibilityGlobals) = postSolution
		SolutionGuid = {10D2A091-7707-4ECC-AE88-4EDAE62E6CAD}
	EndGlobalSection
EndGlobal
